# THIS IS AN AUTOGENERATED FILE. DO NOT EDIT THIS FILE DIRECTLY.
# yarn lockfile v1


"@actions/core@^1.2.3":
  version "1.2.3"
  resolved "https://registry.yarnpkg.com/@actions/core/-/core-1.2.3.tgz#e844b4fa0820e206075445079130868f95bfca95"
  integrity sha512-Wp4xnyokakM45Uuj4WLUxdsa8fJjKVl1fDTsPbTEcTcuu0Nb26IPQbOtjmnfaCPGcaoPOOqId8H9NapZ8gii4w==

"@actions/exec@^1.0.3":
  version "1.0.3"
  resolved "https://registry.yarnpkg.com/@actions/exec/-/exec-1.0.3.tgz#b967f8700d6ff011dcc91243b58bafc1bb9ab95f"
  integrity sha512-TogJGnueOmM7ntCi0ASTUj4LapRRtDfj57Ja4IhPmg2fls28uVOPbAn8N+JifaOumN2UG3oEO/Ixek2A4NcYSA==
  dependencies:
    "@actions/io" "^1.0.1"

"@actions/io@^1.0.1":
  version "1.0.2"
  resolved "https://registry.yarnpkg.com/@actions/io/-/io-1.0.2.tgz#2f614b6e69ce14d191180451eb38e6576a6e6b27"
  integrity sha512-J8KuFqVPr3p6U8W93DOXlXW6zFvrQAJANdS+vw0YhusLIq+bszW8zmK2Fh1C2kDPX8FMvwIl1OUcFgvJoXLbAg==

"@zeit/ncc@^0.21.1":
  version "0.21.1"
  resolved "https://registry.yarnpkg.com/@zeit/ncc/-/ncc-0.21.1.tgz#44fd4359c54ba34a018a5ccf7a315489db20a733"
  integrity sha512-M9WzgquSOt2nsjRkYM9LRylBLmmlwNCwYbm3Up3PDEshfvdmIfqpFNSK8EJvR18NwZjGHE5z2avlDtYQx2JQnw==
